
Microsoft Visual Studio Solution File, Format Version 12.00
# Visual Studio Version 17
VisualStudioVersion = 17.0.31903.59
MinimumVisualStudioVersion = 10.0.40219.1
Project("{FAE04EC0-301F-11D3-BF4B-00C04F79EFBC}") = "StorageBoxKeyTool.Client", "StorageBoxKeyTool.Client\StorageBoxKeyTool.Client.csproj", "{EDEA6BC1-2BA3-4824-BEBF-445ECA6A8026}"
EndProject
Project("{FAE04EC0-301F-11D3-BF4B-00C04F79EFBC}") = "StorageBoxKeyTool.Api", "StorageBoxKeyTool.Api\StorageBoxKeyTool.Api.csproj", "{A32DC7A5-BAC9-47A5-AF87-5CB889AEEDB1}"
EndProject
Project("{FAE04EC0-301F-11D3-BF4B-00C04F79EFBC}") = "StorageBoxKeyTool.Tests", "StorageBoxKeyTool.Tests\StorageBoxKeyTool.Tests.csproj", "{1798C26C-42BD-4D42-BEEE-04D101A5A04C}"
EndProject
Global
	GlobalSection(SolutionConfigurationPlatforms) = preSolution
		Debug|Any CPU = Debug|Any CPU
		Debug|x64 = Debug|x64
		Debug|x86 = Debug|x86
		Release|Any CPU = Release|Any CPU
		Release|x64 = Release|x64
		Release|x86 = Release|x86
	EndGlobalSection
	GlobalSection(ProjectConfigurationPlatforms) = postSolution
		{EDEA6BC1-2BA3-4824-BEBF-445ECA6A8026}.Debug|Any CPU.ActiveCfg = Debug|Any CPU
		{EDEA6BC1-2BA3-4824-BEBF-445ECA6A8026}.Debug|Any CPU.Build.0 = Debug|Any CPU
		{EDEA6BC1-2BA3-4824-BEBF-445ECA6A8026}.Debug|x64.ActiveCfg = Debug|Any CPU
		{EDEA6BC1-2BA3-4824-BEBF-445ECA6A8026}.Debug|x64.Build.0 = Debug|Any CPU
		{EDEA6BC1-2BA3-4824-BEBF-445ECA6A8026}.Debug|x86.ActiveCfg = Debug|Any CPU
		{EDEA6BC1-2BA3-4824-BEBF-445ECA6A8026}.Debug|x86.Build.0 = Debug|Any CPU
		{EDEA6BC1-2BA3-4824-BEBF-445ECA6A8026}.Release|Any CPU.ActiveCfg = Release|Any CPU
		{EDEA6BC1-2BA3-4824-BEBF-445ECA6A8026}.Release|Any CPU.Build.0 = Release|Any CPU
		{EDEA6BC1-2BA3-4824-BEBF-445ECA6A8026}.Release|x64.ActiveCfg = Release|Any CPU
		{EDEA6BC1-2BA3-4824-BEBF-445ECA6A8026}.Release|x64.Build.0 = Release|Any CPU
		{EDEA6BC1-2BA3-4824-BEBF-445ECA6A8026}.Release|x86.ActiveCfg = Release|Any CPU
		{EDEA6BC1-2BA3-4824-BEBF-445ECA6A8026}.Release|x86.Build.0 = Release|Any CPU
		{A32DC7A5-BAC9-47A5-AF87-5CB889AEEDB1}.Debug|Any CPU.ActiveCfg = Debug|Any CPU
		{A32DC7A5-BAC9-47A5-AF87-5CB889AEEDB1}.Debug|Any CPU.Build.0 = Debug|Any CPU
		{A32DC7A5-BAC9-47A5-AF87-5CB889AEEDB1}.Debug|x64.ActiveCfg = Debug|Any CPU
		{A32DC7A5-BAC9-47A5-AF87-5CB889AEEDB1}.Debug|x64.Build.0 = Debug|Any CPU
		{A32DC7A5-BAC9-47A5-AF87-5CB889AEEDB1}.Debug|x86.ActiveCfg = Debug|Any CPU
		{A32DC7A5-BAC9-47A5-AF87-5CB889AEEDB1}.Debug|x86.Build.0 = Debug|Any CPU
		{A32DC7A5-BAC9-47A5-AF87-5CB889AEEDB1}.Release|Any CPU.ActiveCfg = Release|Any CPU
		{A32DC7A5-BAC9-47A5-AF87-5CB889AEEDB1}.Release|Any CPU.Build.0 = Release|Any CPU
		{A32DC7A5-BAC9-47A5-AF87-5CB889AEEDB1}.Release|x64.ActiveCfg = Release|Any CPU
		{A32DC7A5-BAC9-47A5-AF87-5CB889AEEDB1}.Release|x64.Build.0 = Release|Any CPU
		{A32DC7A5-BAC9-47A5-AF87-5CB889AEEDB1}.Release|x86.ActiveCfg = Release|Any CPU
		{A32DC7A5-BAC9-47A5-AF87-5CB889AEEDB1}.Release|x86.Build.0 = Release|Any CPU
		{1798C26C-42BD-4D42-BEEE-04D101A5A04C}.Debug|Any CPU.ActiveCfg = Debug|Any CPU
		{1798C26C-42BD-4D42-BEEE-04D101A5A04C}.Debug|Any CPU.Build.0 = Debug|Any CPU
		{1798C26C-42BD-4D42-BEEE-04D101A5A04C}.Debug|x64.ActiveCfg = Debug|Any CPU
		{1798C26C-42BD-4D42-BEEE-04D101A5A04C}.Debug|x64.Build.0 = Debug|Any CPU
		{1798C26C-42BD-4D42-BEEE-04D101A5A04C}.Debug|x86.ActiveCfg = Debug|Any CPU
		{1798C26C-42BD-4D42-BEEE-04D101A5A04C}.Debug|x86.Build.0 = Debug|Any CPU
		{1798C26C-42BD-4D42-BEEE-04D101A5A04C}.Release|Any CPU.ActiveCfg = Release|Any CPU
		{1798C26C-42BD-4D42-BEEE-04D101A5A04C}.Release|Any CPU.Build.0 = Release|Any CPU
		{1798C26C-42BD-4D42-BEEE-04D101A5A04C}.Release|x64.ActiveCfg = Release|Any CPU
		{1798C26C-42BD-4D42-BEEE-04D101A5A04C}.Release|x64.Build.0 = Release|Any CPU
		{1798C26C-42BD-4D42-BEEE-04D101A5A04C}.Release|x86.ActiveCfg = Release|Any CPU
		{1798C26C-42BD-4D42-BEEE-04D101A5A04C}.Release|x86.Build.0 = Release|Any CPU
	EndGlobalSection
	GlobalSection(SolutionProperties) = preSolution
		HideSolutionNode = FALSE
	EndGlobalSection
EndGlobal
